
Microsoft Visual Studio Solution File, Format Version 12.00
# Visual Studio Version 17
VisualStudioVersion = 17.9.34728.123
MinimumVisualStudioVersion = 10.0.40219.1
Project("{9A19103F-16F7-4668-BE54-9A1E7A4F7556}") = "Market", "Market.csproj", "{788592DB-6C8B-40D4-83D3-F844289BDB35}"
EndProject
Project("{9A19103F-16F7-4668-BE54-9A1E7A4F7556}") = "PruebasMarket", "..\PruebasMarket\PruebasMarket.csproj", "{F9ED8D8F-835B-43F0-8924-4A2B6B0440BA}"
EndProject
Global
	GlobalSection(SolutionConfigurationPlatforms) = preSolution
		Debug|Any CPU = Debug|Any CPU
		Release|Any CPU = Release|Any CPU
	EndGlobalSection
	GlobalSection(ProjectConfigurationPlatforms) = postSolution
		{788592DB-6C8B-40D4-83D3-F844289BDB35}.Debug|Any CPU.ActiveCfg = Debug|Any CPU
		{788592DB-6C8B-40D4-83D3-F844289BDB35}.Debug|Any CPU.Build.0 = Debug|Any CPU
		{788592DB-6C8B-40D4-83D3-F844289BDB35}.Release|Any CPU.ActiveCfg = Release|Any CPU
		{788592DB-6C8B-40D4-83D3-F844289BDB35}.Release|Any CPU.Build.0 = Release|Any CPU
		{F9ED8D8F-835B-43F0-8924-4A2B6B0440BA}.Debug|Any CPU.ActiveCfg = Debug|Any CPU
		{F9ED8D8F-835B-43F0-8924-4A2B6B0440BA}.Debug|Any CPU.Build.0 = Debug|Any CPU
		{F9ED8D8F-835B-43F0-8924-4A2B6B0440BA}.Release|Any CPU.ActiveCfg = Release|Any CPU
		{F9ED8D8F-835B-43F0-8924-4A2B6B0440BA}.Release|Any CPU.Build.0 = Release|Any CPU
	EndGlobalSection
	GlobalSection(SolutionProperties) = preSolution
		HideSolutionNode = FALSE
	EndGlobalSection
	GlobalSection(ExtensibilityGlobals) = postSolution
		SolutionGuid = {A20A9D07-3342-4B65-8812-CEA7798EBA1D}
	EndGlobalSection
EndGlobal
